
Microsoft Visual Studio Solution File, Format Version 12.00
# Visual Studio Version 16
VisualStudioVersion = 16.0.32106.194
MinimumVisualStudioVersion = 10.0.40219.1
Project("{FAE04EC0-301F-11D3-BF4B-00C04F79EFBC}") = "HotelManagement", "HotelManagement\HotelManagement.csproj", "{79206E8C-F313-4091-B682-BA0AD55AA053}"
EndProject
Global
	GlobalSection(SolutionConfigurationPlatforms) = preSolution
		Debug|Any CPU = Debug|Any CPU
		Release|Any CPU = Release|Any CPU
	EndGlobalSection
	GlobalSection(ProjectConfigurationPlatforms) = postSolution
		{79206E8C-F313-4091-B682-BA0AD55AA053}.Debug|Any CPU.ActiveCfg = Debug|Any CPU
		{79206E8C-F313-4091-B682-BA0AD55AA053}.Debug|Any CPU.Build.0 = Debug|Any CPU
		{79206E8C-F313-4091-B682-BA0AD55AA053}.Release|Any CPU.ActiveCfg = Release|Any CPU
		{79206E8C-F313-4091-B682-BA0AD55AA053}.Release|Any CPU.Build.0 = Release|Any CPU
	EndGlobalSection
	GlobalSection(SolutionProperties) = preSolution
		HideSolutionNode = FALSE
	EndGlobalSection
	GlobalSection(ExtensibilityGlobals) = postSolution
		SolutionGuid = {BD09FC73-30E6-4714-BCAA-75803502AA43}
	EndGlobalSection
EndGlobal
